
Microsoft Visual Studio Solution File, Format Version 12.00
# Visual Studio Version 17
VisualStudioVersion = 17.7.34018.315
MinimumVisualStudioVersion = 10.0.40219.1
Project("{FAE04EC0-301F-11D3-BF4B-00C04F79EFBC}") = "Uppgift 4.9", "Uppgift 4.9\Uppgift 4.9.csproj", "{6133B159-C9FA-491C-AA61-74A977489CFE}"
EndProject
Global
	GlobalSection(SolutionConfigurationPlatforms) = preSolution
		Debug|Any CPU = Debug|Any CPU
		Release|Any CPU = Release|Any CPU
	EndGlobalSection
	GlobalSection(ProjectConfigurationPlatforms) = postSolution
		{6133B159-C9FA-491C-AA61-74A977489CFE}.Debug|Any CPU.ActiveCfg = Debug|Any CPU
		{6133B159-C9FA-491C-AA61-74A977489CFE}.Debug|Any CPU.Build.0 = Debug|Any CPU
		{6133B159-C9FA-491C-AA61-74A977489CFE}.Release|Any CPU.ActiveCfg = Release|Any CPU
		{6133B159-C9FA-491C-AA61-74A977489CFE}.Release|Any CPU.Build.0 = Release|Any CPU
	EndGlobalSection
	GlobalSection(SolutionProperties) = preSolution
		HideSolutionNode = FALSE
	EndGlobalSection
	GlobalSection(ExtensibilityGlobals) = postSolution
		SolutionGuid = {DDAFDD71-5140-4CED-A122-613130A22642}
	EndGlobalSection
EndGlobal
